
Microsoft Visual Studio Solution File, Format Version 12.00
# Visual Studio Version 16
VisualStudioVersion = 16.0.28803.202
MinimumVisualStudioVersion = 10.0.40219.1
Project("{9A19103F-16F7-4668-BE54-9A1E7A4F7556}") = "rabbit4net", "rabbit4net\rabbit4net.csproj", "{65E488BA-B0E8-4196-A290-D55E3C731ED8}"
EndProject
Project("{9A19103F-16F7-4668-BE54-9A1E7A4F7556}") = "rabbit4netConsoleApp", "rabbit4netConsoleApp\rabbit4netConsoleApp.csproj", "{7C5557BA-142B-45A4-8F38-BE9E8136909E}"
EndProject
Global
	GlobalSection(SolutionConfigurationPlatforms) = preSolution
		Debug|Any CPU = Debug|Any CPU
		Release|Any CPU = Release|Any CPU
	EndGlobalSection
	GlobalSection(ProjectConfigurationPlatforms) = postSolution
		{65E488BA-B0E8-4196-A290-D55E3C731ED8}.Debug|Any CPU.ActiveCfg = Debug|Any CPU
		{65E488BA-B0E8-4196-A290-D55E3C731ED8}.Debug|Any CPU.Build.0 = Debug|Any CPU
		{65E488BA-B0E8-4196-A290-D55E3C731ED8}.Release|Any CPU.ActiveCfg = Release|Any CPU
		{65E488BA-B0E8-4196-A290-D55E3C731ED8}.Release|Any CPU.Build.0 = Release|Any CPU
		{7C5557BA-142B-45A4-8F38-BE9E8136909E}.Debug|Any CPU.ActiveCfg = Debug|Any CPU
		{7C5557BA-142B-45A4-8F38-BE9E8136909E}.Debug|Any CPU.Build.0 = Debug|Any CPU
		{7C5557BA-142B-45A4-8F38-BE9E8136909E}.Release|Any CPU.ActiveCfg = Release|Any CPU
		{7C5557BA-142B-45A4-8F38-BE9E8136909E}.Release|Any CPU.Build.0 = Release|Any CPU
	EndGlobalSection
	GlobalSection(SolutionProperties) = preSolution
		HideSolutionNode = FALSE
	EndGlobalSection
	GlobalSection(ExtensibilityGlobals) = postSolution
		SolutionGuid = {B2269BE7-B704-4E16-832D-C8D4C1CC1F00}
	EndGlobalSection
EndGlobal
