
Microsoft Visual Studio Solution File, Format Version 12.00
# Visual Studio Version 16
VisualStudioVersion = 16.0.28803.202
MinimumVisualStudioVersion = 10.0.40219.1
Project("{FAE04EC0-301F-11D3-BF4B-00C04F79EFBC}") = "rabbit4net", "rabbit4net\rabbit4net.csproj", "{65E488BA-B0E8-4196-A290-D55E3C731ED8}"
EndProject
Project("{FAE04EC0-301F-11D3-BF4B-00C04F79EFBC}") = "rabbit4netConsoleApp", "..\rabbit4netConsoleApp\rabbit4netConsoleApp.csproj", "{F77D4F1E-D66B-4807-9ADC-4D90C380183E}"
EndProject
Global
	GlobalSection(SolutionConfigurationPlatforms) = preSolution
		Debug|Any CPU = Debug|Any CPU
		Release|Any CPU = Release|Any CPU
	EndGlobalSection
	GlobalSection(ProjectConfigurationPlatforms) = postSolution
		{65E488BA-B0E8-4196-A290-D55E3C731ED8}.Debug|Any CPU.ActiveCfg = Debug|Any CPU
		{65E488BA-B0E8-4196-A290-D55E3C731ED8}.Debug|Any CPU.Build.0 = Debug|Any CPU
		{65E488BA-B0E8-4196-A290-D55E3C731ED8}.Release|Any CPU.ActiveCfg = Release|Any CPU
		{65E488BA-B0E8-4196-A290-D55E3C731ED8}.Release|Any CPU.Build.0 = Release|Any CPU
		{F77D4F1E-D66B-4807-9ADC-4D90C380183E}.Debug|Any CPU.ActiveCfg = Debug|Any CPU
		{F77D4F1E-D66B-4807-9ADC-4D90C380183E}.Debug|Any CPU.Build.0 = Debug|Any CPU
		{F77D4F1E-D66B-4807-9ADC-4D90C380183E}.Release|Any CPU.ActiveCfg = Release|Any CPU
		{F77D4F1E-D66B-4807-9ADC-4D90C380183E}.Release|Any CPU.Build.0 = Release|Any CPU
	EndGlobalSection
	GlobalSection(SolutionProperties) = preSolution
		HideSolutionNode = FALSE
	EndGlobalSection
	GlobalSection(ExtensibilityGlobals) = postSolution
		SolutionGuid = {B2269BE7-B704-4E16-832D-C8D4C1CC1F00}
	EndGlobalSection
EndGlobal
